
Microsoft Visual Studio Solution File, Format Version 12.00
# Visual Studio Version 16
VisualStudioVersion = 16.0.29709.97
MinimumVisualStudioVersion = 10.0.40219.1
Project("{FAE04EC0-301F-11D3-BF4B-00C04F79EFBC}") = "Lilian_Nishimaru_Exercise01", "Lilian_Nishimaru_Sec003_COMP212_Lab02\Lilian_Nishimaru_Exercise01.csproj", "{8F00461D-D1DB-40A2-A41A-F239573E9DE7}"
EndProject
Project("{FAE04EC0-301F-11D3-BF4B-00C04F79EFBC}") = "Lilian_Nishimaru_Exercise02", "Lilian_Nishimaru_Exercise02\Lilian_Nishimaru_Exercise02.csproj", "{1223BE72-0DE9-439E-B11D-CFADEB167062}"
EndProject
Project("{FAE04EC0-301F-11D3-BF4B-00C04F79EFBC}") = "Lilian_Nishimaru_Exercise03", "Lilian_Nishimaru_Exercise03\Lilian_Nishimaru_Exercise03.csproj", "{FAB87629-960C-4599-A8C8-551E2480C01F}"
EndProject
Project("{FAE04EC0-301F-11D3-BF4B-00C04F79EFBC}") = "LinkedListLibrary", "LinkedListLibrary\LinkedListLibrary.csproj", "{6C96A3EA-E77A-4242-A4BA-4A5FFDA0A5AD}"
EndProject
Project("{FAE04EC0-301F-11D3-BF4B-00C04F79EFBC}") = "QueueInheritanceLibrary", "QueueInheritanceLibrary\QueueInheritanceLibrary.csproj", "{7776D315-D94E-4808-A7FF-43E098F84A7F}"
EndProject
Project("{FAE04EC0-301F-11D3-BF4B-00C04F79EFBC}") = "LinkedListLibraryTest", "LinkedListLibraryTest\LinkedListLibraryTest.csproj", "{35645F99-FD13-4951-99C3-2193EBC761CD}"
EndProject
Project("{FAE04EC0-301F-11D3-BF4B-00C04F79EFBC}") = "QueueInheritanceLibraryTest", "QueueInheritanceLibraryTest\QueueInheritanceLibraryTest.csproj", "{F2DF0E7E-6E48-4980-A0A7-1231037B28FF}"
EndProject
Global
	GlobalSection(SolutionConfigurationPlatforms) = preSolution
		Debug|Any CPU = Debug|Any CPU
		Release|Any CPU = Release|Any CPU
	EndGlobalSection
	GlobalSection(ProjectConfigurationPlatforms) = postSolution
		{8F00461D-D1DB-40A2-A41A-F239573E9DE7}.Debug|Any CPU.ActiveCfg = Debug|Any CPU
		{8F00461D-D1DB-40A2-A41A-F239573E9DE7}.Debug|Any CPU.Build.0 = Debug|Any CPU
		{8F00461D-D1DB-40A2-A41A-F239573E9DE7}.Release|Any CPU.ActiveCfg = Release|Any CPU
		{8F00461D-D1DB-40A2-A41A-F239573E9DE7}.Release|Any CPU.Build.0 = Release|Any CPU
		{1223BE72-0DE9-439E-B11D-CFADEB167062}.Debug|Any CPU.ActiveCfg = Debug|Any CPU
		{1223BE72-0DE9-439E-B11D-CFADEB167062}.Debug|Any CPU.Build.0 = Debug|Any CPU
		{1223BE72-0DE9-439E-B11D-CFADEB167062}.Release|Any CPU.ActiveCfg = Release|Any CPU
		{1223BE72-0DE9-439E-B11D-CFADEB167062}.Release|Any CPU.Build.0 = Release|Any CPU
		{FAB87629-960C-4599-A8C8-551E2480C01F}.Debug|Any CPU.ActiveCfg = Debug|Any CPU
		{FAB87629-960C-4599-A8C8-551E2480C01F}.Debug|Any CPU.Build.0 = Debug|Any CPU
		{FAB87629-960C-4599-A8C8-551E2480C01F}.Release|Any CPU.ActiveCfg = Release|Any CPU
		{FAB87629-960C-4599-A8C8-551E2480C01F}.Release|Any CPU.Build.0 = Release|Any CPU
		{6C96A3EA-E77A-4242-A4BA-4A5FFDA0A5AD}.Debug|Any CPU.ActiveCfg = Release|Any CPU
		{6C96A3EA-E77A-4242-A4BA-4A5FFDA0A5AD}.Debug|Any CPU.Build.0 = Release|Any CPU
		{6C96A3EA-E77A-4242-A4BA-4A5FFDA0A5AD}.Release|Any CPU.ActiveCfg = Release|Any CPU
		{6C96A3EA-E77A-4242-A4BA-4A5FFDA0A5AD}.Release|Any CPU.Build.0 = Release|Any CPU
		{7776D315-D94E-4808-A7FF-43E098F84A7F}.Debug|Any CPU.ActiveCfg = Release|Any CPU
		{7776D315-D94E-4808-A7FF-43E098F84A7F}.Debug|Any CPU.Build.0 = Release|Any CPU
		{7776D315-D94E-4808-A7FF-43E098F84A7F}.Release|Any CPU.ActiveCfg = Release|Any CPU
		{7776D315-D94E-4808-A7FF-43E098F84A7F}.Release|Any CPU.Build.0 = Release|Any CPU
		{35645F99-FD13-4951-99C3-2193EBC761CD}.Debug|Any CPU.ActiveCfg = Debug|Any CPU
		{35645F99-FD13-4951-99C3-2193EBC761CD}.Debug|Any CPU.Build.0 = Debug|Any CPU
		{35645F99-FD13-4951-99C3-2193EBC761CD}.Release|Any CPU.ActiveCfg = Release|Any CPU
		{35645F99-FD13-4951-99C3-2193EBC761CD}.Release|Any CPU.Build.0 = Release|Any CPU
		{F2DF0E7E-6E48-4980-A0A7-1231037B28FF}.Debug|Any CPU.ActiveCfg = Debug|Any CPU
		{F2DF0E7E-6E48-4980-A0A7-1231037B28FF}.Debug|Any CPU.Build.0 = Debug|Any CPU
		{F2DF0E7E-6E48-4980-A0A7-1231037B28FF}.Release|Any CPU.ActiveCfg = Release|Any CPU
		{F2DF0E7E-6E48-4980-A0A7-1231037B28FF}.Release|Any CPU.Build.0 = Release|Any CPU
	EndGlobalSection
	GlobalSection(SolutionProperties) = preSolution
		HideSolutionNode = FALSE
	EndGlobalSection
	GlobalSection(ExtensibilityGlobals) = postSolution
		SolutionGuid = {82F0D4A1-276D-4D94-9ECA-D2B1B788351C}
	EndGlobalSection
EndGlobal
